// !$*UTF8*$!
{
	archiveVersion = 1;
	classes = {
	};
	objectVersion = 50;
	objects = {

/* Begin PBXBuildFile section */
		EBEE9A34246A731E00A483B7 /* AppDelegate.m in Sources */ = {isa = PBXBuildFile; fileRef = EBEE9A33246A731E00A483B7 /* AppDelegate.m */; };
		EBEE9A37246A731E00A483B7 /* SceneDelegate.m in Sources */ = {isa = PBXBuildFile; fileRef = EBEE9A36246A731E00A483B7 /* SceneDelegate.m */; };
		EBEE9A3A246A731E00A483B7 /* ViewController.m in Sources */ = {isa = PBXBuildFile; fileRef = EBEE9A39246A731E00A483B7 /* ViewController.m */; };
		EBEE9A3D246A731E00A483B7 /* Main.storyboard in Resources */ = {isa = PBXBuildFile; fileRef = EBEE9A3B246A731E00A483B7 /* Main.storyboard */; };
		EBEE9A3F246A731F00A483B7 /* Assets.xcassets in Resources */ = {isa = PBXBuildFile; fileRef = EBEE9A3E246A731F00A483B7 /* Assets.xcassets */; };
		EBEE9A42246A731F00A483B7 /* LaunchScreen.storyboard in Resources */ = {isa = PBXBuildFile; fileRef = EBEE9A40246A731F00A483B7 /* LaunchScreen.storyboard */; };
		EBEE9A45246A731F00A483B7 /* main.m in Sources */ = {isa = PBXBuildFile; fileRef = EBEE9A44246A731F00A483B7 /* main.m */; };
		EBEE9A4E246A740000A483B7 /* XFGradientProgressView.m in Sources */ = {isa = PBXBuildFile; fileRef = EBEE9A4D246A740000A483B7 /* XFGradientProgressView.m */; };
		EBEE9A51246A9A0400A483B7 /* UIColor+Extension.m in Sources */ = {isa = PBXBuildFile; fileRef = EBEE9A50246A9A0400A483B7 /* UIColor+Extension.m */; };
/* End PBXBuildFile section */

/* Begin PBXFileReference section */
		EBEE9A2F246A731E00A483B7 /* XFGradientProgressView.app */ = {isa = PBXFileReference; explicitFileType = wrapper.application; includeInIndex = 0; path = XFGradientProgressView.app; sourceTree = BUILT_PRODUCTS_DIR; };
		EBEE9A32246A731E00A483B7 /* AppDelegate.h */ = {isa = PBXFileReference; lastKnownFileType = sourcecode.c.h; path = AppDelegate.h; sourceTree = "<group>"; };
		EBEE9A33246A731E00A483B7 /* AppDelegate.m */ = {isa = PBXFileReference; lastKnownFileType = sourcecode.c.objc; path = AppDelegate.m; sourceTree = "<group>"; };
		EBEE9A35246A731E00A483B7 /* SceneDelegate.h */ = {isa = PBXFileReference; lastKnownFileType = sourcecode.c.h; path = SceneDelegate.h; sourceTree = "<group>"; };
		EBEE9A36246A731E00A483B7 /* SceneDelegate.m */ = {isa = PBXFileReference; lastKnownFileType = sourcecode.c.objc; path = SceneDelegate.m; sourceTree = "<group>"; };
		EBEE9A38246A731E00A483B7 /* ViewController.h */ = {isa = PBXFileReference; lastKnownFileType = sourcecode.c.h; path = ViewController.h; sourceTree = "<group>"; };
		EBEE9A39246A731E00A483B7 /* ViewController.m */ = {isa = PBXFileReference; lastKnownFileType = sourcecode.c.objc; path = ViewController.m; sourceTree = "<group>"; };
		EBEE9A3C246A731E00A483B7 /* Base */ = {isa = PBXFileReference; lastKnownFileType = file.storyboard; name = Base; path = Base.lproj/Main.storyboard; sourceTree = "<group>"; };
		EBEE9A3E246A731F00A483B7 /* Assets.xcassets */ = {isa = PBXFileReference; lastKnownFileType = folder.assetcatalog; path = Assets.xcassets; sourceTree = "<group>"; };
		EBEE9A41246A731F00A483B7 /* Base */ = {isa = PBXFileReference; lastKnownFileType = file.storyboard; name = Base; path = Base.lproj/LaunchScreen.storyboard; sourceTree = "<group>"; };
		EBEE9A43246A731F00A483B7 /* Info.plist */ = {isa = PBXFileReference; lastKnownFileType = text.plist.xml; path = Info.plist; sourceTree = "<group>"; };
		EBEE9A44246A731F00A483B7 /* main.m */ = {isa = PBXFileReference; lastKnownFileType = sourcecode.c.objc; path = main.m; sourceTree = "<group>"; };
		EBEE9A4C246A740000A483B7 /* XFGradientProgressView.h */ = {isa = PBXFileReference; lastKnownFileType = sourcecode.c.h; path = XFGradientProgressView.h; sourceTree = "<group>"; };
		EBEE9A4D246A740000A483B7 /* XFGradientProgressView.m */ = {isa = PBXFileReference; lastKnownFileType = sourcecode.c.objc; path = XFGradientProgressView.m; sourceTree = "<group>"; };
		EBEE9A4F246A9A0400A483B7 /* UIColor+Extension.h */ = {isa = PBXFileReference; lastKnownFileType = sourcecode.c.h; path = "UIColor+Extension.h"; sourceTree = "<group>"; };
		EBEE9A50246A9A0400A483B7 /* UIColor+Extension.m */ = {isa = PBXFileReference; lastKnownFileType = sourcecode.c.objc; path = "UIColor+Extension.m"; sourceTree = "<group>"; };
/* End PBXFileReference section */

/* Begin PBXFrameworksBuildPhase section */
		EBEE9A2C246A731E00A483B7 /* Frameworks */ = {
			isa = PBXFrameworksBuildPhase;
			buildActionMask = 2147483647;
			files = (
			);
			runOnlyForDeploymentPostprocessing = 0;
		};
/* End PBXFrameworksBuildPhase section */

/* Begin PBXGroup section */
		EB2A4FDF2473BA4000F789B7 /* Category */ = {
			isa = PBXGroup;
			children = (
				EBEE9A4F246A9A0400A483B7 /* UIColor+Extension.h */,
				EBEE9A50246A9A0400A483B7 /* UIColor+Extension.m */,
			);
			path = Category;
			sourceTree = "<group>";
		};
		EBEE9A26246A731E00A483B7 = {
			isa = PBXGroup;
			children = (
				EBEE9A31246A731E00A483B7 /* XFGradientProgressView */,
				EBEE9A30246A731E00A483B7 /* Products */,
			);
			sourceTree = "<group>";
		};
		EBEE9A30246A731E00A483B7 /* Products */ = {
			isa = PBXGroup;
			children = (
				EBEE9A2F246A731E00A483B7 /* XFGradientProgressView.app */,
			);
			name = Products;
			sourceTree = "<group>";
		};
		EBEE9A31246A731E00A483B7 /* XFGradientProgressView */ = {
			isa = PBXGroup;
			children = (
				EBEE9A4B246A73EB00A483B7 /* XFGradientProgressView */,
				EBEE9A32246A731E00A483B7 /* AppDelegate.h */,
				EBEE9A33246A731E00A483B7 /* AppDelegate.m */,
				EBEE9A35246A731E00A483B7 /* SceneDelegate.h */,
				EBEE9A36246A731E00A483B7 /* SceneDelegate.m */,
				EBEE9A38246A731E00A483B7 /* ViewController.h */,
				EBEE9A39246A731E00A483B7 /* ViewController.m */,
				EBEE9A3B246A731E00A483B7 /* Main.storyboard */,
				EBEE9A3E246A731F00A483B7 /* Assets.xcassets */,
				EBEE9A40246A731F00A483B7 /* LaunchScreen.storyboard */,
				EBEE9A43246A731F00A483B7 /* Info.plist */,
				EBEE9A44246A731F00A483B7 /* main.m */,
			);
			path = XFGradientProgressView;
			sourceTree = "<group>";
		};
		EBEE9A4B246A73EB00A483B7 /* XFGradientProgressView */ = {
			isa = PBXGroup;
			children = (
				EB2A4FDF2473BA4000F789B7 /* Category */,
				EBEE9A4C246A740000A483B7 /* XFGradientProgressView.h */,
				EBEE9A4D246A740000A483B7 /* XFGradientProgressView.m */,
			);
			path = XFGradientProgressView;
			sourceTree = "<group>";
		};
/* End PBXGroup section */

/* Begin PBXNativeTarget section */
		EBEE9A2E246A731E00A483B7 /* XFGradientProgressView */ = {
			isa = PBXNativeTarget;
			buildConfigurationList = EBEE9A48246A731F00A483B7 /* Build configuration list for PBXNativeTarget "XFGradientProgressView" */;
			buildPhases = (
				EBEE9A2B246A731E00A483B7 /* Sources */,
				EBEE9A2C246A731E00A483B7 /* Frameworks */,
				EBEE9A2D246A731E00A483B7 /* Resources */,
			);
			buildRules = (
			);
			dependencies = (
			);
			name = XFGradientProgressView;
			productName = XFGradientProgressView;
			productReference = EBEE9A2F246A731E00A483B7 /* XFGradientProgressView.app */;
			productType = "com.apple.product-type.application";
		};
/* End PBXNativeTarget section */

/* Begin PBXProject section */
		EBEE9A27246A731E00A483B7 /* Project object */ = {
			isa = PBXProject;
			attributes = {
				LastUpgradeCheck = 1100;
				ORGANIZATIONNAME = XFCoding;
				TargetAttributes = {
					EBEE9A2E246A731E00A483B7 = {
						CreatedOnToolsVersion = 11.0;
					};
				};
			};
			buildConfigurationList = EBEE9A2A246A731E00A483B7 /* Build configuration list for PBXProject "XFGradientProgressView" */;
			compatibilityVersion = "Xcode 9.3";
			developmentRegion = en;
			hasScannedForEncodings = 0;
			knownRegions = (
				en,
				Base,
			);
			mainGroup = EBEE9A26246A731E00A483B7;
			productRefGroup = EBEE9A30246A731E00A483B7 /* Products */;
			projectDirPath = "";
			projectRoot = "";
			targets = (
				EBEE9A2E246A731E00A483B7 /* XFGradientProgressView */,
			);
		};
/* End PBXProject section */

/* Begin PBXResourcesBuildPhase section */
		EBEE9A2D246A731E00A483B7 /* Resources */ = {
			isa = PBXResourcesBuildPhase;
			buildActionMask = 2147483647;
			files = (
				EBEE9A42246A731F00A483B7 /* LaunchScreen.storyboard in Resources */,
				EBEE9A3F246A731F00A483B7 /* Assets.xcassets in Resources */,
				EBEE9A3D246A731E00A483B7 /* Main.storyboard in Resources */,
			);
			runOnlyForDeploymentPostprocessing = 0;
		};
/* End PBXResourcesBuildPhase section */

/* Begin PBXSourcesBuildPhase section */
		EBEE9A2B246A731E00A483B7 /* Sources */ = {
			isa = PBXSourcesBuildPhase;
			buildActionMask = 2147483647;
			files = (
				EBEE9A3A246A731E00A483B7 /* ViewController.m in Sources */,
				EBEE9A51246A9A0400A483B7 /* UIColor+Extension.m in Sources */,
				EBEE9A34246A731E00A483B7 /* AppDelegate.m in Sources */,
				EBEE9A45246A731F00A483B7 /* main.m in Sources */,
				EBEE9A4E246A740000A483B7 /* XFGradientProgressView.m in Sources */,
				EBEE9A37246A731E00A483B7 /* SceneDelegate.m in Sources */,
			);
			runOnlyForDeploymentPostprocessing = 0;
		};
/* End PBXSourcesBuildPhase section */

/* Begin PBXVariantGroup section */
		EBEE9A3B246A731E00A483B7 /* Main.storyboard */ = {
			isa = PBXVariantGroup;
			children = (
				EBEE9A3C246A731E00A483B7 /* Base */,
			);
			name = Main.storyboard;
			sourceTree = "<group>";
		};
		EBEE9A40246A731F00A483B7 /* LaunchScreen.storyboard */ = {
			isa = PBXVariantGroup;
			children = (
				EBEE9A41246A731F00A483B7 /* Base */,
			);
			name = LaunchScreen.storyboard;
			sourceTree = "<group>";
		};
/* End PBXVariantGroup section */

/* Begin XCBuildConfiguration section */
		EBEE9A46246A731F00A483B7 /* Debug */ = {
			isa = XCBuildConfiguration;
			buildSettings = {
				ALWAYS_SEARCH_USER_PATHS = NO;
				CLANG_ANALYZER_NONNULL = YES;
				CLANG_ANALYZER_NUMBER_OBJECT_CONVERSION = YES_AGGRESSIVE;
				CLANG_CXX_LANGUAGE_STANDARD = "gnu++14";
				CLANG_CXX_LIBRARY = "libc++";
				CLANG_ENABLE_MODULES = YES;
				CLANG_ENABLE_OBJC_ARC = YES;
				CLANG_ENABLE_OBJC_WEAK = YES;
				CLANG_WARN_BLOCK_CAPTURE_AUTORELEASING = YES;
				CLANG_WARN_BOOL_CONVERSION = YES;
				CLANG_WARN_COMMA = YES;
				CLANG_WARN_CONSTANT_CONVERSION = YES;
				CLANG_WARN_DEPRECATED_OBJC_IMPLEMENTATIONS = YES;
				CLANG_WARN_DIRECT_OBJC_ISA_USAGE = YES_ERROR;
				CLANG_WARN_DOCUMENTATION_COMMENTS = YES;
				CLANG_WARN_EMPTY_BODY = YES;
				CLANG_WARN_ENUM_CONVERSION = YES;
				CLANG_WARN_INFINITE_RECURSION = YES;
				CLANG_WARN_INT_CONVERSION = YES;
				CLANG_WARN_NON_LITERAL_NULL_CONVERSION = YES;
				CLANG_WARN_OBJC_IMPLICIT_RETAIN_SELF = YES;
				CLANG_WARN_OBJC_LITERAL_CONVERSION = YES;
				CLANG_WARN_OBJC_ROOT_CLASS = YES_ERROR;
				CLANG_WARN_RANGE_LOOP_ANALYSIS = YES;
				CLANG_WARN_STRICT_PROTOTYPES = YES;
				CLANG_WARN_SUSPICIOUS_MOVE = YES;
				CLANG_WARN_UNGUARDED_AVAILABILITY = YES_AGGRESSIVE;
				CLANG_WARN_UNREACHABLE_CODE = YES;
				CLANG_WARN__DUPLICATE_METHOD_MATCH = YES;
				COPY_PHASE_STRIP = NO;
				DEBUG_INFORMATION_FORMAT = dwarf;
				ENABLE_STRICT_OBJC_MSGSEND = YES;
				ENABLE_TESTABILITY = YES;
				GCC_C_LANGUAGE_STANDARD = gnu11;
				GCC_DYNAMIC_NO_PIC = NO;
				GCC_NO_COMMON_BLOCKS = YES;
				GCC_OPTIMIZATION_LEVEL = 0;
				GCC_PREPROCESSOR_DEFINITIONS = (
					"DEBUG=1",
					"$(inherited)",
				);
				GCC_WARN_64_TO_32_BIT_CONVERSION = YES;
				GCC_WARN_ABOUT_RETURN_TYPE = YES_ERROR;
				GCC_WARN_UNDECLARED_SELECTOR = YES;
				GCC_WARN_UNINITIALIZED_AUTOS = YES_AGGRESSIVE;
				GCC_WARN_UNUSED_FUNCTION = YES;
				GCC_WARN_UNUSED_VARIABLE = YES;
				IPHONEOS_DEPLOYMENT_TARGET = 13.0;
				MTL_ENABLE_DEBUG_INFO = INCLUDE_SOURCE;
				MTL_FAST_MATH = YES;
				ONLY_ACTIVE_ARCH = YES;
				SDKROOT = iphoneos;
			};
			name = Debug;
		};
		EBEE9A47246A731F00A483B7 /* Release */ = {
			isa = XCBuildConfiguration;
			buildSettings = {
				ALWAYS_SEARCH_USER_PATHS = NO;
				CLANG_ANALYZER_NONNULL = YES;
				CLANG_ANALYZER_NUMBER_OBJECT_CONVERSION = YES_AGGRESSIVE;
				CLANG_CXX_LANGUAGE_STANDARD = "gnu++14";
				CLANG_CXX_LIBRARY = "libc++";
				CLANG_ENABLE_MODULES = YES;
				CLANG_ENABLE_OBJC_ARC = YES;
				CLANG_ENABLE_OBJC_WEAK = YES;
				CLANG_WARN_BLOCK_CAPTURE_AUTORELEASING = YES;
				CLANG_WARN_BOOL_CONVERSION = YES;
				CLANG_WARN_COMMA = YES;
				CLANG_WARN_CONSTANT_CONVERSION = YES;
				CLANG_WARN_DEPRECATED_OBJC_IMPLEMENTATIONS = YES;
				CLANG_WARN_DIRECT_OBJC_ISA_USAGE = YES_ERROR;
				CLANG_WARN_DOCUMENTATION_COMMENTS = YES;
				CLANG_WARN_EMPTY_BODY = YES;
				CLANG_WARN_ENUM_CONVERSION = YES;
				CLANG_WARN_INFINITE_RECURSION = YES;
				CLANG_WARN_INT_CONVERSION = YES;
				CLANG_WARN_NON_LITERAL_NULL_CONVERSION = YES;
				CLANG_WARN_OBJC_IMPLICIT_RETAIN_SELF = YES;
				CLANG_WARN_OBJC_LITERAL_CONVERSION = YES;
				CLANG_WARN_OBJC_ROOT_CLASS = YES_ERROR;
				CLANG_WARN_RANGE_LOOP_ANALYSIS = YES;
				CLANG_WARN_STRICT_PROTOTYPES = YES;
				CLANG_WARN_SUSPICIOUS_MOVE = YES;
				CLANG_WARN_UNGUARDED_AVAILABILITY = YES_AGGRESSIVE;
				CLANG_WARN_UNREACHABLE_CODE = YES;
				CLANG_WARN__DUPLICATE_METHOD_MATCH = YES;
				COPY_PHASE_STRIP = NO;
				DEBUG_INFORMATION_FORMAT = "dwarf-with-dsym";
				ENABLE_NS_ASSERTIONS = NO;
				ENABLE_STRICT_OBJC_MSGSEND = YES;
				GCC_C_LANGUAGE_STANDARD = gnu11;
				GCC_NO_COMMON_BLOCKS = YES;
				GCC_WARN_64_TO_32_BIT_CONVERSION = YES;
				GCC_WARN_ABOUT_RETURN_TYPE = YES_ERROR;
				GCC_WARN_UNDECLARED_SELECTOR = YES;
				GCC_WARN_UNINITIALIZED_AUTOS = YES_AGGRESSIVE;
				GCC_WARN_UNUSED_FUNCTION = YES;
				GCC_WARN_UNUSED_VARIABLE = YES;
				IPHONEOS_DEPLOYMENT_TARGET = 13.0;
				MTL_ENABLE_DEBUG_INFO = NO;
				MTL_FAST_MATH = YES;
				SDKROOT = iphoneos;
				VALIDATE_PRODUCT = YES;
			};
			name = Release;
		};
		EBEE9A49246A731F00A483B7 /* Debug */ = {
			isa = XCBuildConfiguration;
			buildSettings = {
				ASSETCATALOG_COMPILER_APPICON_NAME = AppIcon;
				CODE_SIGN_STYLE = Automatic;
				DEVELOPMENT_TEAM = JH9855ZRW6;
				INFOPLIST_FILE = XFGradientProgressView/Info.plist;
				LD_RUNPATH_SEARCH_PATHS = (
					"$(inherited)",
					"@executable_path/Frameworks",
				);
				PRODUCT_BUNDLE_IDENTIFIER = XFCoding.XFGradientProgressView;
				PRODUCT_NAME = "$(TARGET_NAME)";
				TARGETED_DEVICE_FAMILY = "1,2";
			};
			name = Debug;
		};
		EBEE9A4A246A731F00A483B7 /* Release */ = {
			isa = XCBuildConfiguration;
			buildSettings = {
				ASSETCATALOG_COMPILER_APPICON_NAME = AppIcon;
				CODE_SIGN_STYLE = Automatic;
				DEVELOPMENT_TEAM = JH9855ZRW6;
				INFOPLIST_FILE = XFGradientProgressView/Info.plist;
				LD_RUNPATH_SEARCH_PATHS = (
					"$(inherited)",
					"@executable_path/Frameworks",
				);
				PRODUCT_BUNDLE_IDENTIFIER = XFCoding.XFGradientProgressView;
				PRODUCT_NAME = "$(TARGET_NAME)";
				TARGETED_DEVICE_FAMILY = "1,2";
			};
			name = Release;
		};
/* End XCBuildConfiguration section */

/* Begin XCConfigurationList section */
		EBEE9A2A246A731E00A483B7 /* Build configuration list for PBXProject "XFGradientProgressView" */ = {
			isa = XCConfigurationList;
			buildConfigurations = (
				EBEE9A46246A731F00A483B7 /* Debug */,
				EBEE9A47246A731F00A483B7 /* Release */,
			);
			defaultConfigurationIsVisible = 0;
			defaultConfigurationName = Release;
		};
		EBEE9A48246A731F00A483B7 /* Build configuration list for PBXNativeTarget "XFGradientProgressView" */ = {
			isa = XCConfigurationList;
			buildConfigurations = (
				EBEE9A49246A731F00A483B7 /* Debug */,
				EBEE9A4A246A731F00A483B7 /* Release */,
			);
			defaultConfigurationIsVisible = 0;
			defaultConfigurationName = Release;
		};
/* End XCConfigurationList section */
	};
	rootObject = EBEE9A27246A731E00A483B7 /* Project object */;
}
